// !$*UTF8*$!
{
	archiveVersion = 1;
	classes = {
	};
	objectVersion = 46;
	objects = {

/* Begin PBXBuildFile section */
		D366056E1E48B935004BC099 /* AppDelegate.swift in Sources */ = {isa = PBXBuildFile; fileRef = D366056D1E48B935004BC099 /* AppDelegate.swift */; };
		D36605701E48B935004BC099 /* ViewController.swift in Sources */ = {isa = PBXBuildFile; fileRef = D366056F1E48B935004BC099 /* ViewController.swift */; };
		D36605731E48B935004BC099 /* Main.storyboard in Resources */ = {isa = PBXBuildFile; fileRef = D36605711E48B935004BC099 /* Main.storyboard */; };
		D36605751E48B935004BC099 /* Assets.xcassets in Resources */ = {isa = PBXBuildFile; fileRef = D36605741E48B935004BC099 /* Assets.xcassets */; };
		D36605781E48B935004BC099 /* LaunchScreen.storyboard in Resources */ = {isa = PBXBuildFile; fileRef = D36605761E48B935004BC099 /* LaunchScreen.storyboard */; };
/* End PBXBuildFile section */

/* Begin PBXFileReference section */
		D366056A1E48B935004BC099 /* iPhoneCalculator.app */ = {isa = PBXFileReference; explicitFileType = wrapper.application; includeInIndex = 0; path = iPhoneCalculator.app; sourceTree = BUILT_PRODUCTS_DIR; };
		D366056D1E48B935004BC099 /* AppDelegate.swift */ = {isa = PBXFileReference; lastKnownFileType = sourcecode.swift; path = AppDelegate.swift; sourceTree = "<group>"; };
		D366056F1E48B935004BC099 /* ViewController.swift */ = {isa = PBXFileReference; lastKnownFileType = sourcecode.swift; path = ViewController.swift; sourceTree = "<group>"; };
		D36605721E48B935004BC099 /* Base */ = {isa = PBXFileReference; lastKnownFileType = file.storyboard; name = Base; path = Base.lproj/Main.storyboard; sourceTree = "<group>"; };
		D36605741E48B935004BC099 /* Assets.xcassets */ = {isa = PBXFileReference; lastKnownFileType = folder.assetcatalog; path = Assets.xcassets; sourceTree = "<group>"; };
		D36605771E48B935004BC099 /* Base */ = {isa = PBXFileReference; lastKnownFileType = file.storyboard; name = Base; path = Base.lproj/LaunchScreen.storyboard; sourceTree = "<group>"; };
		D36605791E48B935004BC099 /* Info.plist */ = {isa = PBXFileReference; lastKnownFileType = text.plist.xml; path = Info.plist; sourceTree = "<group>"; };
/* End PBXFileReference section */

/* Begin PBXFrameworksBuildPhase section */
		D36605671E48B935004BC099 /* Frameworks */ = {
			isa = PBXFrameworksBuildPhase;
			buildActionMask = 2147483647;
			files = (
			);
			runOnlyForDeploymentPostprocessing = 0;
		};
/* End PBXFrameworksBuildPhase section */

/* Begin PBXGroup section */
		D36605611E48B935004BC099 = {
			isa = PBXGroup;
			children = (
				D366056C1E48B935004BC099 /* iPhoneCalculator */,
				D366056B1E48B935004BC099 /* Products */,
			);
			sourceTree = "<group>";
		};
		D366056B1E48B935004BC099 /* Products */ = {
			isa = PBXGroup;
			children = (
				D366056A1E48B935004BC099 /* iPhoneCalculator.app */,
			);
			name = Products;
			sourceTree = "<group>";
		};
		D366056C1E48B935004BC099 /* iPhoneCalculator */ = {
			isa = PBXGroup;
			children = (
				D366056D1E48B935004BC099 /* AppDelegate.swift */,
				D366056F1E48B935004BC099 /* ViewController.swift */,
				D36605711E48B935004BC099 /* Main.storyboard */,
				D36605741E48B935004BC099 /* Assets.xcassets */,
				D36605761E48B935004BC099 /* LaunchScreen.storyboard */,
				D36605791E48B935004BC099 /* Info.plist */,
			);
			path = iPhoneCalculator;
			sourceTree = "<group>";
		};
/* End PBXGroup section */

/* Begin PBXNativeTarget section */
		D36605691E48B935004BC099 /* iPhoneCalculator */ = {
			isa = PBXNativeTarget;
			buildConfigurationList = D366057C1E48B935004BC099 /* Build configuration list for PBXNativeTarget "iPhoneCalculator" */;
			buildPhases = (
				D36605661E48B935004BC099 /* Sources */,
				D36605671E48B935004BC099 /* Frameworks */,
				D36605681E48B935004BC099 /* Resources */,
			);
			buildRules = (
			);
			dependencies = (
			);
			name = iPhoneCalculator;
			productName = iPhoneCalculator;
			productReference = D366056A1E48B935004BC099 /* iPhoneCalculator.app */;
			productType = "com.apple.product-type.application";
		};
/* End PBXNativeTarget section */

/* Begin PBXProject section */
		D36605621E48B935004BC099 /* Project object */ = {
			isa = PBXProject;
			attributes = {
				LastSwiftUpdateCheck = 0820;
				LastUpgradeCheck = 0820;
				ORGANIZATIONNAME = "Brian Ho";
				TargetAttributes = {
					D36605691E48B935004BC099 = {
						CreatedOnToolsVersion = 8.2.1;
						DevelopmentTeam = BSGKZ553K3;
						ProvisioningStyle = Automatic;
					};
				};
			};
			buildConfigurationList = D36605651E48B935004BC099 /* Build configuration list for PBXProject "iPhoneCalculator" */;
			compatibilityVersion = "Xcode 3.2";
			developmentRegion = English;
			hasScannedForEncodings = 0;
			knownRegions = (
				en,
				Base,
			);
			mainGroup = D36605611E48B935004BC099;
			productRefGroup = D366056B1E48B935004BC099 /* Products */;
			projectDirPath = "";
			projectRoot = "";
			targets = (
				D36605691E48B935004BC099 /* iPhoneCalculator */,
			);
		};
/* End PBXProject section */

/* Begin PBXResourcesBuildPhase section */
		D36605681E48B935004BC099 /* Resources */ = {
			isa = PBXResourcesBuildPhase;
			buildActionMask = 2147483647;
			files = (
				D36605781E48B935004BC099 /* LaunchScreen.storyboard in Resources */,
				D36605751E48B935004BC099 /* Assets.xcassets in Resources */,
				D36605731E48B935004BC099 /* Main.storyboard in Resources */,
			);
			runOnlyForDeploymentPostprocessing = 0;
		};
/* End PBXResourcesBuildPhase section */

/* Begin PBXSourcesBuildPhase section */
		D36605661E48B935004BC099 /* Sources */ = {
			isa = PBXSourcesBuildPhase;
			buildActionMask = 2147483647;
			files = (
				D36605701E48B935004BC099 /* ViewController.swift in Sources */,
				D366056E1E48B935004BC099 /* AppDelegate.swift in Sources */,
			);
			runOnlyForDeploymentPostprocessing = 0;
		};
/* End PBXSourcesBuildPhase section */

/* Begin PBXVariantGroup section */
		D36605711E48B935004BC099 /* Main.storyboard */ = {
			isa = PBXVariantGroup;
			children = (
				D36605721E48B935004BC099 /* Base */,
			);
			name = Main.storyboard;
			sourceTree = "<group>";
		};
		D36605761E48B935004BC099 /* LaunchScreen.storyboard */ = {
			isa = PBXVariantGroup;
			children = (
				D36605771E48B935004BC099 /* Base */,
			);
			name = LaunchScreen.storyboard;
			sourceTree = "<group>";
		};
/* End PBXVariantGroup section */

/* Begin XCBuildConfiguration section */
		D366057A1E48B935004BC099 /* Debug */ = {
			isa = XCBuildConfiguration;
			buildSettings = {
				ALWAYS_SEARCH_USER_PATHS = NO;
				CLANG_ANALYZER_NONNULL = YES;
				CLANG_CXX_LANGUAGE_STANDARD = "gnu++0x";
				CLANG_CXX_LIBRARY = "libc++";
				CLANG_ENABLE_MODULES = YES;
				CLANG_ENABLE_OBJC_ARC = YES;
				CLANG_WARN_BOOL_CONVERSION = YES;
				CLANG_WARN_CONSTANT_CONVERSION = YES;
				CLANG_WARN_DIRECT_OBJC_ISA_USAGE = YES_ERROR;
				CLANG_WARN_DOCUMENTATION_COMMENTS = YES;
				CLANG_WARN_EMPTY_BODY = YES;
				CLANG_WARN_ENUM_CONVERSION = YES;
				CLANG_WARN_INFINITE_RECURSION = YES;
				CLANG_WARN_INT_CONVERSION = YES;
				CLANG_WARN_OBJC_ROOT_CLASS = YES_ERROR;
				CLANG_WARN_SUSPICIOUS_MOVE = YES;
				CLANG_WARN_UNREACHABLE_CODE = YES;
				CLANG_WARN__DUPLICATE_METHOD_MATCH = YES;
				"CODE_SIGN_IDENTITY[sdk=iphoneos*]" = "iPhone Developer";
				COPY_PHASE_STRIP = NO;
				DEBUG_INFORMATION_FORMAT = dwarf;
				ENABLE_STRICT_OBJC_MSGSEND = YES;
				ENABLE_TESTABILITY = YES;
				GCC_C_LANGUAGE_STANDARD = gnu99;
				GCC_DYNAMIC_NO_PIC = NO;
				GCC_NO_COMMON_BLOCKS = YES;
				GCC_OPTIMIZATION_LEVEL = 0;
				GCC_PREPROCESSOR_DEFINITIONS = (
					"DEBUG=1",
					"$(inherited)",
				);
				GCC_WARN_64_TO_32_BIT_CONVERSION = YES;
				GCC_WARN_ABOUT_RETURN_TYPE = YES_ERROR;
				GCC_WARN_UNDECLARED_SELECTOR = YES;
				GCC_WARN_UNINITIALIZED_AUTOS = YES_AGGRESSIVE;
				GCC_WARN_UNUSED_FUNCTION = YES;
				GCC_WARN_UNUSED_VARIABLE = YES;
				IPHONEOS_DEPLOYMENT_TARGET = 10.2;
				MTL_ENABLE_DEBUG_INFO = YES;
				ONLY_ACTIVE_ARCH = YES;
				SDKROOT = iphoneos;
				SWIFT_ACTIVE_COMPILATION_CONDITIONS = DEBUG;
				SWIFT_OPTIMIZATION_LEVEL = "-Onone";
				TARGETED_DEVICE_FAMILY = "1,2";
			};
			name = Debug;
		};
		D366057B1E48B935004BC099 /* Release */ = {
			isa = XCBuildConfiguration;
			buildSettings = {
				ALWAYS_SEARCH_USER_PATHS = NO;
				CLANG_ANALYZER_NONNULL = YES;
				CLANG_CXX_LANGUAGE_STANDARD = "gnu++0x";
				CLANG_CXX_LIBRARY = "libc++";
				CLANG_ENABLE_MODULES = YES;
				CLANG_ENABLE_OBJC_ARC = YES;
				CLANG_WARN_BOOL_CONVERSION = YES;
				CLANG_WARN_CONSTANT_CONVERSION = YES;
				CLANG_WARN_DIRECT_OBJC_ISA_USAGE = YES_ERROR;
				CLANG_WARN_DOCUMENTATION_COMMENTS = YES;
				CLANG_WARN_EMPTY_BODY = YES;
				CLANG_WARN_ENUM_CONVERSION = YES;
				CLANG_WARN_INFINITE_RECURSION = YES;
				CLANG_WARN_INT_CONVERSION = YES;
				CLANG_WARN_OBJC_ROOT_CLASS = YES_ERROR;
				CLANG_WARN_SUSPICIOUS_MOVE = YES;
				CLANG_WARN_UNREACHABLE_CODE = YES;
				CLANG_WARN__DUPLICATE_METHOD_MATCH = YES;
				"CODE_SIGN_IDENTITY[sdk=iphoneos*]" = "iPhone Developer";
				COPY_PHASE_STRIP = NO;
				DEBUG_INFORMATION_FORMAT = "dwarf-with-dsym";
				ENABLE_NS_ASSERTIONS = NO;
				ENABLE_STRICT_OBJC_MSGSEND = YES;
				GCC_C_LANGUAGE_STANDARD = gnu99;
				GCC_NO_COMMON_BLOCKS = YES;
				GCC_WARN_64_TO_32_BIT_CONVERSION = YES;
				GCC_WARN_ABOUT_RETURN_TYPE = YES_ERROR;
				GCC_WARN_UNDECLARED_SELECTOR = YES;
				GCC_WARN_UNINITIALIZED_AUTOS = YES_AGGRESSIVE;
				GCC_WARN_UNUSED_FUNCTION = YES;
				GCC_WARN_UNUSED_VARIABLE = YES;
				IPHONEOS_DEPLOYMENT_TARGET = 10.2;
				MTL_ENABLE_DEBUG_INFO = NO;
				SDKROOT = iphoneos;
				SWIFT_OPTIMIZATION_LEVEL = "-Owholemodule";
				TARGETED_DEVICE_FAMILY = "1,2";
				VALIDATE_PRODUCT = YES;
			};
			name = Release;
		};
		D366057D1E48B935004BC099 /* Debug */ = {
			isa = XCBuildConfiguration;
			buildSettings = {
				ASSETCATALOG_COMPILER_APPICON_NAME = AppIcon;
				DEVELOPMENT_TEAM = BSGKZ553K3;
				INFOPLIST_FILE = iPhoneCalculator/Info.plist;
				LD_RUNPATH_SEARCH_PATHS = "$(inherited) @executable_path/Frameworks";
				PRODUCT_BUNDLE_IDENTIFIER = "Brian-Ho.iPhoneCalculator";
				PRODUCT_NAME = "$(TARGET_NAME)";
				SWIFT_VERSION = 3.0;
			};
			name = Debug;
		};
		D366057E1E48B935004BC099 /* Release */ = {
			isa = XCBuildConfiguration;
			buildSettings = {
				ASSETCATALOG_COMPILER_APPICON_NAME = AppIcon;
				DEVELOPMENT_TEAM = BSGKZ553K3;
				INFOPLIST_FILE = iPhoneCalculator/Info.plist;
				LD_RUNPATH_SEARCH_PATHS = "$(inherited) @executable_path/Frameworks";
				PRODUCT_BUNDLE_IDENTIFIER = "Brian-Ho.iPhoneCalculator";
				PRODUCT_NAME = "$(TARGET_NAME)";
				SWIFT_VERSION = 3.0;
			};
			name = Release;
		};
/* End XCBuildConfiguration section */

/* Begin XCConfigurationList section */
		D36605651E48B935004BC099 /* Build configuration list for PBXProject "iPhoneCalculator" */ = {
			isa = XCConfigurationList;
			buildConfigurations = (
				D366057A1E48B935004BC099 /* Debug */,
				D366057B1E48B935004BC099 /* Release */,
			);
			defaultConfigurationIsVisible = 0;
			defaultConfigurationName = Release;
		};
		D366057C1E48B935004BC099 /* Build configuration list for PBXNativeTarget "iPhoneCalculator" */ = {
			isa = XCConfigurationList;
			buildConfigurations = (
				D366057D1E48B935004BC099 /* Debug */,
				D366057E1E48B935004BC099 /* Release */,
			);
			defaultConfigurationIsVisible = 0;
		};
/* End XCConfigurationList section */
	};
	rootObject = D36605621E48B935004BC099 /* Project object */;
}
